lockfileVersion: '9.0'

settings:
  autoInstallPeers: true
  excludeLinksFromLockfile: false

importers:

  .:
    dependencies:
      ai:
        specifier: ^6.0.0
        version: 6.0.230(zod@4.4.3)

packages:

  '@ai-sdk/gateway@3.0.153':
    resolution: {integrity: sha512-R5r567od2Olqze/lL2dVS4wVOVyVqG6sJ3cEUI/kW12XQJYKf8fetyxWPYS0ZFe87QPcsh3Z3sDnrMAtAIiS3Q==}
    engines: {node: '>=18'}
    peerDependencies:
      zod: ^3.25.76 || ^4.1.8

  '@ai-sdk/provider-utils@4.0.40':
    resolution: {integrity: sha512-OL5IrpUm9Y8Dwy+w/vvFwPotS6m52O9W0op2oXgXdCROMJIBalBI0oro6OIBYkPxvm5Xg02GSkoQN25RlR0bnw==}
    engines: {node: '>=18'}
    peerDependencies:
      zod: ^3.25.76 || ^4.1.8

  '@ai-sdk/provider@3.0.14':
    resolution: {integrity: sha512-5X1k57JBJ4H7H1QjX7CnJYAB1I19r/trVZTMcSms7/kLNZ8RaU4Nt2agcwZzv82Hfx6Q7/TOLU7agAKeFfc8cA==}
    engines: {node: '>=18'}

  '@opentelemetry/api@1.9.1':
    resolution: {integrity: sha512-gLyJlPHPZYdAk1JENA9LeHejZe1Ti77/pTeFm/nMXmQH/HFZlcS/O2XJB+L8fkbrNSqhdtlvjBVjxwUYanNH5Q==}
    engines: {node: '>=8.0.0'}

  '@standard-schema/spec@1.1.0':
    resolution: {integrity: sha512-l2aFy5jALhniG5HgqrD6jXLi/rUWrKvqN/qJx6yoJsgKhblVd+iqqU4RCXavm/jPityDo5TCvKMnpjKnOriy0w==}

  '@vercel/oidc@3.2.0':
    resolution: {integrity: sha512-UycprH3T6n3jH0k44NHMa7pnFHGu/N05MjojYr+Mc6I7obkoLIJujSWwin1pCvdy/eOxrI/l3uDLQsmcrOb4ug==}
    engines: {node: '>= 20'}

  ai@6.0.230:
    resolution: {integrity: sha512-TQKOUPL7GLirkGvA2/sxA3bNzPeTY2w30mOyzwfQyiB8WvTQTr08mGgBBETPHwKIefgYF8HbLeVMgEahRVsX/Q==}
    engines: {node: '>=18'}
    peerDependencies:
      zod: ^3.25.76 || ^4.1.8

  eventsource-parser@3.1.0:
    resolution: {integrity: sha512-kJezFj9YFAMLeORyi7aCLxLbD5/qWMQnoMVlVPyHIll7lgRJCc3JVln9Vgl9nwQi0YkMnhdGTMNn7CkRRAptMg==}
    engines: {node: '>=18.0.0'}

  json-schema@0.4.0:
    resolution: {integrity: sha512-es94M3nTIfsEPisRafak+HDLfHXnKBhV3vU5eqPcS3flIWqcxJWgXHXiey3YrpaNsanY5ei1VoYEbOzijuq9BA==}

  zod@4.4.3:
    resolution: {integrity: sha512-ytENFjIJFl2UwYglde2jchW2Hwm4GJFLDiSXWdTrJQBIN9Fcyp7n4DhxJEiWNAJMV1/BqWfW/kkg71UDcHJyTQ==}

snapshots:

  '@ai-sdk/gateway@3.0.153(zod@4.4.3)':
    dependencies:
      '@ai-sdk/provider': 3.0.14
      '@ai-sdk/provider-utils': 4.0.40(zod@4.4.3)
      '@vercel/oidc': 3.2.0
      zod: 4.4.3

  '@ai-sdk/provider-utils@4.0.40(zod@4.4.3)':
    dependencies:
      '@ai-sdk/provider': 3.0.14
      '@standard-schema/spec': 1.1.0
      eventsource-parser: 3.1.0
      zod: 4.4.3

  '@ai-sdk/provider@3.0.14':
    dependencies:
      json-schema: 0.4.0

  '@opentelemetry/api@1.9.1': {}

  '@standard-schema/spec@1.1.0': {}

  '@vercel/oidc@3.2.0': {}

  ai@6.0.230(zod@4.4.3):
    dependencies:
      '@ai-sdk/gateway': 3.0.153(zod@4.4.3)
      '@ai-sdk/provider': 3.0.14
      '@ai-sdk/provider-utils': 4.0.40(zod@4.4.3)
      '@opentelemetry/api': 1.9.1
      zod: 4.4.3

  eventsource-parser@3.1.0: {}

  json-schema@0.4.0: {}

  zod@4.4.3: {}
